
Microsoft Visual Studio Solution File, Format Version 12.00
# Visual Studio Version 16
VisualStudioVersion = 16.0.31424.327
MinimumVisualStudioVersion = 10.0.40219.1
Project("{FAE04EC0-301F-11D3-BF4B-00C04F79EFBC}") = "AspNetIdentityDemo.Api", "AspNetIdentityDemo.Api\AspNetIdentityDemo.Api.csproj", "{153512A4-5D6D-45F4-94EF-E70498BCE7A1}"
EndProject
Project("{FAE04EC0-301F-11D3-BF4B-00C04F79EFBC}") = "AspNetIdentityDemo.Client", "AspNetIdentityDemo.Client\AspNetIdentityDemo.Client.csproj", "{1FA2A673-7709-4C5A-A51B-33951160CC49}"
EndProject
Project("{FAE04EC0-301F-11D3-BF4B-00C04F79EFBC}") = "AspNetIdentityDemo.Shared", "AspNetIdentityDemo.Shared\AspNetIdentityDemo.Shared.csproj", "{9B4BC8CA-EE40-485C-9DD2-95F773F0D5C0}"
EndProject
Global
	GlobalSection(SolutionConfigurationPlatforms) = preSolution
		Debug|Any CPU = Debug|Any CPU
		Release|Any CPU = Release|Any CPU
	EndGlobalSection
	GlobalSection(ProjectConfigurationPlatforms) = postSolution
		{153512A4-5D6D-45F4-94EF-E70498BCE7A1}.Debug|Any CPU.ActiveCfg = Debug|Any CPU
		{153512A4-5D6D-45F4-94EF-E70498BCE7A1}.Debug|Any CPU.Build.0 = Debug|Any CPU
		{153512A4-5D6D-45F4-94EF-E70498BCE7A1}.Release|Any CPU.ActiveCfg = Release|Any CPU
		{153512A4-5D6D-45F4-94EF-E70498BCE7A1}.Release|Any CPU.Build.0 = Release|Any CPU
		{1FA2A673-7709-4C5A-A51B-33951160CC49}.Debug|Any CPU.ActiveCfg = Debug|Any CPU
		{1FA2A673-7709-4C5A-A51B-33951160CC49}.Debug|Any CPU.Build.0 = Debug|Any CPU
		{1FA2A673-7709-4C5A-A51B-33951160CC49}.Release|Any CPU.ActiveCfg = Release|Any CPU
		{1FA2A673-7709-4C5A-A51B-33951160CC49}.Release|Any CPU.Build.0 = Release|Any CPU
		{9B4BC8CA-EE40-485C-9DD2-95F773F0D5C0}.Debug|Any CPU.ActiveCfg = Debug|Any CPU
		{9B4BC8CA-EE40-485C-9DD2-95F773F0D5C0}.Debug|Any CPU.Build.0 = Debug|Any CPU
		{9B4BC8CA-EE40-485C-9DD2-95F773F0D5C0}.Release|Any CPU.ActiveCfg = Release|Any CPU
		{9B4BC8CA-EE40-485C-9DD2-95F773F0D5C0}.Release|Any CPU.Build.0 = Release|Any CPU
	EndGlobalSection
	GlobalSection(SolutionProperties) = preSolution
		HideSolutionNode = FALSE
	EndGlobalSection
	GlobalSection(ExtensibilityGlobals) = postSolution
		SolutionGuid = {B698FDE9-0420-4F3A-8773-B7FF144A636C}
	EndGlobalSection
EndGlobal
